
Microsoft Visual Studio Solution File, Format Version 12.00
# Visual Studio Version 17
VisualStudioVersion = 17.14.36414.22 d17.14
MinimumVisualStudioVersion = 10.0.40219.1
Project("{2150E333-8FDC-42A3-9474-1A3956D46DE8}") = "src", "src", "{02EA681E-C7D8-13C7-8484-4AC65E1B71E8}"
EndProject
Project("{2150E333-8FDC-42A3-9474-1A3956D46DE8}") = "Services", "Services", "{62A7EC33-B2B2-4CCC-A022-56F4F1331D0E}"
EndProject
Project("{2150E333-8FDC-42A3-9474-1A3956D46DE8}") = "IdentityService", "IdentityService", "{6F4A1BDB-4F8C-4E6A-9E21-68C5E2DAE5D6}"
EndProject
Global
	GlobalSection(SolutionProperties) = preSolution
		HideSolutionNode = FALSE
	EndGlobalSection
	GlobalSection(NestedProjects) = preSolution
		{62A7EC33-B2B2-4CCC-A022-56F4F1331D0E} = {02EA681E-C7D8-13C7-8484-4AC65E1B71E8}
		{6F4A1BDB-4F8C-4E6A-9E21-68C5E2DAE5D6} = {62A7EC33-B2B2-4CCC-A022-56F4F1331D0E}
	EndGlobalSection
	GlobalSection(ExtensibilityGlobals) = postSolution
		SolutionGuid = {7888388B-731E-4A2F-8C3A-80F01CC4504F}
	EndGlobalSection
EndGlobal
